Microsoft Visual Studio Solution File, Format Version 12.00
# Visual Studio Version 17
VisualStudioVersion = 17.5.2.0
MinimumVisualStudioVersion = 10.0.40219.1
Project("{FAE04EC0-301F-11D3-BF4B-00C04F79EFBC}") = "FlightPlanApi", "FlightPlanApi.csproj", "{83E0FA4C-F8C4-267C-7FC6-B79B5E92FEC9}"
EndProject
Global
	GlobalSection(SolutionConfigurationPlatforms) = preSolution
		Debug|Any CPU = Debug|Any CPU
		Release|Any CPU = Release|Any CPU
	EndGlobalSection
	GlobalSection(ProjectConfigurationPlatforms) = postSolution
		{83E0FA4C-F8C4-267C-7FC6-B79B5E92FEC9}.Debug|Any CPU.ActiveCfg = Debug|Any CPU
		{83E0FA4C-F8C4-267C-7FC6-B79B5E92FEC9}.Debug|Any CPU.Build.0 = Debug|Any CPU
		{83E0FA4C-F8C4-267C-7FC6-B79B5E92FEC9}.Release|Any CPU.ActiveCfg = Release|Any CPU
		{83E0FA4C-F8C4-267C-7FC6-B79B5E92FEC9}.Release|Any CPU.Build.0 = Release|Any CPU
	EndGlobalSection
	GlobalSection(SolutionProperties) = preSolution
		HideSolutionNode = FALSE
	EndGlobalSection
	GlobalSection(ExtensibilityGlobals) = postSolution
		SolutionGuid = {6342C750-648D-4811-8A71-28625D6AF384}
	EndGlobalSection
EndGlobal
